// !$*UTF8*$!
{
	archiveVersion = 1;
	classes = {
	};
	objectVersion = 55;
	objects = {

/* Begin PBXBuildFile section */
		230E70F1274D62C6007F6232 /* ExerciseExtension.swift in Sources */ = {isa = PBXBuildFile; fileRef = 230E70F0274D62C6007F6232 /* ExerciseExtension.swift */; };
		230E70F3274D62DD007F6232 /* WorkoutExtension.swift in Sources */ = {isa = PBXBuildFile; fileRef = 230E70F2274D62DD007F6232 /* WorkoutExtension.swift */; };
		230E70F7274D779A007F6232 /* ExercisesView.swift in Sources */ = {isa = PBXBuildFile; fileRef = 230E70F6274D779A007F6232 /* ExercisesView.swift */; };
		2321AF15274EC3E30023F099 /* ExerciseSetExtension.swift in Sources */ = {isa = PBXBuildFile; fileRef = 2321AF14274EC3E30023F099 /* ExerciseSetExtension.swift */; };
		2321AF18274ECF710023F099 /* EditWorkoutView.swift in Sources */ = {isa = PBXBuildFile; fileRef = 2321AF17274ECF710023F099 /* EditWorkoutView.swift */; };
		232DF17427629D83007D7B57 /* TemplatesView.swift in Sources */ = {isa = PBXBuildFile; fileRef = 232DF17327629D83007D7B57 /* TemplatesView.swift */; };
		232DF17627629D96007D7B57 /* TemplatesViewModel.swift in Sources */ = {isa = PBXBuildFile; fileRef = 232DF17527629D96007D7B57 /* TemplatesViewModel.swift */; };
		233B4D662756AD61006B55DA /* ExerciseHeaderView.swift in Sources */ = {isa = PBXBuildFile; fileRef = 233B4D652756AD61006B55DA /* ExerciseHeaderView.swift */; };
		236E4A2727523A780012C4B2 /* AddExerciseToWorkoutView.swift in Sources */ = {isa = PBXBuildFile; fileRef = 236E4A2627523A780012C4B2 /* AddExerciseToWorkoutView.swift */; };
		236E4A2927524D6D0012C4B2 /* ExerciseSetView.swift in Sources */ = {isa = PBXBuildFile; fileRef = 236E4A2827524D6D0012C4B2 /* ExerciseSetView.swift */; };
		2375DA982758F6F100B2874B /* ExerciseHistoryRowView.swift in Sources */ = {isa = PBXBuildFile; fileRef = 2375DA972758F6F100B2874B /* ExerciseHistoryRowView.swift */; };
		237E95AC275B7DB200937AAF /* ProjectTests.swift in Sources */ = {isa = PBXBuildFile; fileRef = 237E95AB275B7DB200937AAF /* ProjectTests.swift */; };
		237E95AE275B891200937AAF /* DevelopmentTests.swift in Sources */ = {isa = PBXBuildFile; fileRef = 237E95AD275B891200937AAF /* DevelopmentTests.swift */; };
		237E95B0275BA20B00937AAF /* ExtensionTests.swift in Sources */ = {isa = PBXBuildFile; fileRef = 237E95AF275BA20B00937AAF /* ExtensionTests.swift */; };
		237E95B8275BAA4700937AAF /* OlioPerformanceTests.swift in Sources */ = {isa = PBXBuildFile; fileRef = 237E95B7275BAA4700937AAF /* OlioPerformanceTests.swift */; };
		237E95BF275BAB9400937AAF /* PerformanceTests.swift in Sources */ = {isa = PBXBuildFile; fileRef = 237E95BE275BAB9400937AAF /* PerformanceTests.swift */; };
		237E95C7275BB32600937AAF /* OlioUITests.swift in Sources */ = {isa = PBXBuildFile; fileRef = 237E95C6275BB32600937AAF /* OlioUITests.swift */; };
		237E95C9275BB32600937AAF /* OlioUITestsLaunchTests.swift in Sources */ = {isa = PBXBuildFile; fileRef = 237E95C8275BB32600937AAF /* OlioUITestsLaunchTests.swift */; };
		2394AA6427633F45000F06B4 /* ExercisesViewModel.swift in Sources */ = {isa = PBXBuildFile; fileRef = 2394AA6327633F45000F06B4 /* ExercisesViewModel.swift */; };
		2396430F2762868700524792 /* WorkoutsViewModel.swift in Sources */ = {isa = PBXBuildFile; fileRef = 2396430E2762868700524792 /* WorkoutsViewModel.swift */; };
		23A1BA71274F742400AA5123 /* WorkoutRowView.swift in Sources */ = {isa = PBXBuildFile; fileRef = 23A1BA70274F742400AA5123 /* WorkoutRowView.swift */; };
		23A368B62750C248000725E9 /* SequenceExtension.swift in Sources */ = {isa = PBXBuildFile; fileRef = 23A368B52750C248000725E9 /* SequenceExtension.swift */; };
		23A9C01427554FA3005E0294 /* CloudKit.framework in Frameworks */ = {isa = PBXBuildFile; fileRef = 230BAC57274C49EF0013E4AF /* CloudKit.framework */; };
		23AA141D275022B400AC637D /* AddExerciseView.swift in Sources */ = {isa = PBXBuildFile; fileRef = 23AA141C275022B400AC637D /* AddExerciseView.swift */; };
		23AA142327502E3A00AC637D /* ColorExtension.swift in Sources */ = {isa = PBXBuildFile; fileRef = 23AA142227502E3A00AC637D /* ColorExtension.swift */; };
		23AA142527502ED000AC637D /* ViewExtension.swift in Sources */ = {isa = PBXBuildFile; fileRef = 23AA142427502ED000AC637D /* ViewExtension.swift */; };
		23AB0642274B7CF300BCBD28 /* OlioApp.swift in Sources */ = {isa = PBXBuildFile; fileRef = 23AB0641274B7CF300BCBD28 /* OlioApp.swift */; };
		23AB0644274B7CF300BCBD28 /* ContentView.swift in Sources */ = {isa = PBXBuildFile; fileRef = 23AB0643274B7CF300BCBD28 /* ContentView.swift */; };
		23AB0646274B7CF400BCBD28 /* Assets.xcassets in Resources */ = {isa = PBXBuildFile; fileRef = 23AB0645274B7CF400BCBD28 /* Assets.xcassets */; };
		23AB0649274B7CF400BCBD28 /* Preview Assets.xcassets in Resources */ = {isa = PBXBuildFile; fileRef = 23AB0648274B7CF400BCBD28 /* Preview Assets.xcassets */; };
		23AB0651274B7FCE00BCBD28 /* Main.xcdatamodeld in Sources */ = {isa = PBXBuildFile; fileRef = 23AB064F274B7FCE00BCBD28 /* Main.xcdatamodeld */; };
		23AB0655274B87A600BCBD28 /* DataController.swift in Sources */ = {isa = PBXBuildFile; fileRef = 23AB0654274B87A600BCBD28 /* DataController.swift */; };
		23ACD59727575DE600A24E1F /* EditWorkoutExerciseListView.swift in Sources */ = {isa = PBXBuildFile; fileRef = 23ACD59627575DE600A24E1F /* EditWorkoutExerciseListView.swift */; };
		23AE7E822758AAB9007D24DB /* Localizable.strings in Resources */ = {isa = PBXBuildFile; fileRef = 23AE7E842758AAB9007D24DB /* Localizable.strings */; };
		23AE7E882758AB0D007D24DB /* Localizable.stringsdict in Resources */ = {isa = PBXBuildFile; fileRef = 23AE7E872758AB0D007D24DB /* Localizable.stringsdict */; };
		23AE7E8C2758AB45007D24DB /* Strings.swift in Sources */ = {isa = PBXBuildFile; fileRef = 23AE7E8B2758AB45007D24DB /* Strings.swift */; };
		23B20E29275A044D00215A72 /* WorkoutsView.swift in Sources */ = {isa = PBXBuildFile; fileRef = 23B20E28275A044D00215A72 /* WorkoutsView.swift */; };
		23B20E32275A184700215A72 /* OlioTests.swift in Sources */ = {isa = PBXBuildFile; fileRef = 23B20E31275A184700215A72 /* OlioTests.swift */; };
		23C97E2E274E251F005611A3 /* EditExerciseView.swift in Sources */ = {isa = PBXBuildFile; fileRef = 23C97E2D274E251F005611A3 /* EditExerciseView.swift */; };
		23C97E30274E3C25005611A3 /* ExerciseRowView.swift in Sources */ = {isa = PBXBuildFile; fileRef = 23C97E2F274E3C25005611A3 /* ExerciseRowView.swift */; };
		23C97E32274E548A005611A3 /* BindingExtension.swift in Sources */ = {isa = PBXBuildFile; fileRef = 23C97E31274E548A005611A3 /* BindingExtension.swift */; };
		23FE12692757F3240096FDD0 /* TemplateCardView.swift in Sources */ = {isa = PBXBuildFile; fileRef = 23FE12682757F3240096FDD0 /* TemplateCardView.swift */; };
/* End PBXBuildFile section */

/* Begin PBXContainerItemProxy section */
		237E95B9275BAA4700937AAF /* PBXContainerItemProxy */ = {
			isa = PBXContainerItemProxy;
			containerPortal = 23AB0636274B7CF300BCBD28 /* Project object */;
			proxyType = 1;
			remoteGlobalIDString = 23AB063D274B7CF300BCBD28;
			remoteInfo = Olio;
		};
		237E95CA275BB32600937AAF /* PBXContainerItemProxy */ = {
			isa = PBXContainerItemProxy;
			containerPortal = 23AB0636274B7CF300BCBD28 /* Project object */;
			proxyType = 1;
			remoteGlobalIDString = 23AB063D274B7CF300BCBD28;
			remoteInfo = Olio;
		};
		23B20E33275A184700215A72 /* PBXContainerItemProxy */ = {
			isa = PBXContainerItemProxy;
			containerPortal = 23AB0636274B7CF300BCBD28 /* Project object */;
			proxyType = 1;
			remoteGlobalIDString = 23AB063D274B7CF300BCBD28;
			remoteInfo = Olio;
		};
/* End PBXContainerItemProxy section */

/* Begin PBXFileReference section */
		230BAC54274C49C30013E4AF /* Olio.entitlements */ = {isa = PBXFileReference; lastKnownFileType = text.plist.entitlements; path = Olio.entitlements; sourceTree = "<group>"; };
		230BAC55274C49D00013E4AF /* Info.plist */ = {isa = PBXFileReference; lastKnownFileType = text.plist.xml; path = Info.plist; sourceTree = "<group>"; };
		230BAC57274C49EF0013E4AF /* CloudKit.framework */ = {isa = PBXFileReference; lastKnownFileType = wrapper.framework; name = CloudKit.framework; path = System/Library/Frameworks/CloudKit.framework; sourceTree = SDKROOT; };
		230E70F0274D62C6007F6232 /* ExerciseExtension.swift */ = {isa = PBXFileReference; lastKnownFileType = sourcecode.swift; path = ExerciseExtension.swift; sourceTree = "<group>"; };
		230E70F2274D62DD007F6232 /* WorkoutExtension.swift */ = {isa = PBXFileReference; lastKnownFileType = sourcecode.swift; path = WorkoutExtension.swift; sourceTree = "<group>"; };
		230E70F6274D779A007F6232 /* ExercisesView.swift */ = {isa = PBXFileReference; lastKnownFileType = sourcecode.swift; path = ExercisesView.swift; sourceTree = "<group>"; };
		2321AF14274EC3E30023F099 /* ExerciseSetExtension.swift */ = {isa = PBXFileReference; lastKnownFileType = sourcecode.swift; path = ExerciseSetExtension.swift; sourceTree = "<group>"; };
		2321AF17274ECF710023F099 /* EditWorkoutView.swift */ = {isa = PBXFileReference; lastKnownFileType = sourcecode.swift; path = EditWorkoutView.swift; sourceTree = "<group>"; };
		232DF17327629D83007D7B57 /* TemplatesView.swift */ = {isa = PBXFileReference; lastKnownFileType = sourcecode.swift; path = TemplatesView.swift; sourceTree = "<group>"; };
		232DF17527629D96007D7B57 /* TemplatesViewModel.swift */ = {isa = PBXFileReference; lastKnownFileType = sourcecode.swift; path = TemplatesViewModel.swift; sourceTree = "<group>"; };
		233B4D652756AD61006B55DA /* ExerciseHeaderView.swift */ = {isa = PBXFileReference; lastKnownFileType = sourcecode.swift; path = ExerciseHeaderView.swift; sourceTree = "<group>"; };
		236E4A2627523A780012C4B2 /* AddExerciseToWorkoutView.swift */ = {isa = PBXFileReference; lastKnownFileType = sourcecode.swift; path = AddExerciseToWorkoutView.swift; sourceTree = "<group>"; };
		236E4A2827524D6D0012C4B2 /* ExerciseSetView.swift */ = {isa = PBXFileReference; lastKnownFileType = sourcecode.swift; path = ExerciseSetView.swift; sourceTree = "<group>"; };
		2375DA972758F6F100B2874B /* ExerciseHistoryRowView.swift */ = {isa = PBXFileReference; lastKnownFileType = sourcecode.swift; path = ExerciseHistoryRowView.swift; sourceTree = "<group>"; };
		237E95AB275B7DB200937AAF /* ProjectTests.swift */ = {isa = PBXFileReference; lastKnownFileType = sourcecode.swift; path = ProjectTests.swift; sourceTree = "<group>"; };
		237E95AD275B891200937AAF /* DevelopmentTests.swift */ = {isa = PBXFileReference; lastKnownFileType = sourcecode.swift; path = DevelopmentTests.swift; sourceTree = "<group>"; };
		237E95AF275BA20B00937AAF /* ExtensionTests.swift */ = {isa = PBXFileReference; lastKnownFileType = sourcecode.swift; path = ExtensionTests.swift; sourceTree = "<group>"; };
		237E95B5275BAA4700937AAF /* OlioPerformanceTests.xctest */ = {isa = PBXFileReference; explicitFileType = wrapper.cfbundle; includeInIndex = 0; path = OlioPerformanceTests.xctest; sourceTree = BUILT_PRODUCTS_DIR; };
		237E95B7275BAA4700937AAF /* OlioPerformanceTests.swift */ = {isa = PBXFileReference; lastKnownFileType = sourcecode.swift; path = OlioPerformanceTests.swift; sourceTree = "<group>"; };
		237E95BE275BAB9400937AAF /* PerformanceTests.swift */ = {isa = PBXFileReference; lastKnownFileType = sourcecode.swift; path = PerformanceTests.swift; sourceTree = "<group>"; };
		237E95C4275BB32600937AAF /* OlioUITests.xctest */ = {isa = PBXFileReference; explicitFileType = wrapper.cfbundle; includeInIndex = 0; path = OlioUITests.xctest; sourceTree = BUILT_PRODUCTS_DIR; };
		237E95C6275BB32600937AAF /* OlioUITests.swift */ = {isa = PBXFileReference; lastKnownFileType = sourcecode.swift; path = OlioUITests.swift; sourceTree = "<group>"; };
		237E95C8275BB32600937AAF /* OlioUITestsLaunchTests.swift */ = {isa = PBXFileReference; lastKnownFileType = sourcecode.swift; path = OlioUITestsLaunchTests.swift; sourceTree = "<group>"; };
		2394AA6327633F45000F06B4 /* ExercisesViewModel.swift */ = {isa = PBXFileReference; lastKnownFileType = sourcecode.swift; path = ExercisesViewModel.swift; sourceTree = "<group>"; };
		2396430E2762868700524792 /* WorkoutsViewModel.swift */ = {isa = PBXFileReference; lastKnownFileType = sourcecode.swift; path = WorkoutsViewModel.swift; sourceTree = "<group>"; };
		23A1BA70274F742400AA5123 /* WorkoutRowView.swift */ = {isa = PBXFileReference; lastKnownFileType = sourcecode.swift; path = WorkoutRowView.swift; sourceTree = "<group>"; };
		23A368B52750C248000725E9 /* SequenceExtension.swift */ = {isa = PBXFileReference; lastKnownFileType = sourcecode.swift; path = SequenceExtension.swift; sourceTree = "<group>"; };
		23A9C01227554F79005E0294 /* CoreServices.framework */ = {isa = PBXFileReference; lastKnownFileType = wrapper.framework; name = CoreServices.framework; path = System/Library/Frameworks/CoreServices.framework; sourceTree = SDKROOT; };
		23AA141C275022B400AC637D /* AddExerciseView.swift */ = {isa = PBXFileReference; lastKnownFileType = sourcecode.swift; path = AddExerciseView.swift; sourceTree = "<group>"; };
		23AA142227502E3A00AC637D /* ColorExtension.swift */ = {isa = PBXFileReference; lastKnownFileType = sourcecode.swift; path = ColorExtension.swift; sourceTree = "<group>"; };
		23AA142427502ED000AC637D /* ViewExtension.swift */ = {isa = PBXFileReference; lastKnownFileType = sourcecode.swift; path = ViewExtension.swift; sourceTree = "<group>"; };
		23AB063E274B7CF300BCBD28 /* Olio.app */ = {isa = PBXFileReference; explicitFileType = wrapper.application; includeInIndex = 0; path = Olio.app; sourceTree = BUILT_PRODUCTS_DIR; };
		23AB0641274B7CF300BCBD28 /* OlioApp.swift */ = {isa = PBXFileReference; lastKnownFileType = sourcecode.swift; path = OlioApp.swift; sourceTree = "<group>"; };
		23AB0643274B7CF300BCBD28 /* ContentView.swift */ = {isa = PBXFileReference; lastKnownFileType = sourcecode.swift; path = ContentView.swift; sourceTree = "<group>"; };
		23AB0645274B7CF400BCBD28 /* Assets.xcassets */ = {isa = PBXFileReference; lastKnownFileType = folder.assetcatalog; path = Assets.xcassets; sourceTree = "<group>"; };
		23AB0648274B7CF400BCBD28 /* Preview Assets.xcassets */ = {isa = PBXFileReference; lastKnownFileType = folder.assetcatalog; path = "Preview Assets.xcassets"; sourceTree = "<group>"; };
		23AB0650274B7FCE00BCBD28 /* Main.xcdatamodel */ = {isa = PBXFileReference; lastKnownFileType = wrapper.xcdatamodel; path = Main.xcdatamodel; sourceTree = "<group>"; };
		23AB0654274B87A600BCBD28 /* DataController.swift */ = {isa = PBXFileReference; lastKnownFileType = sourcecode.swift; path = DataController.swift; sourceTree = "<group>"; };
		23ACD59627575DE600A24E1F /* EditWorkoutExerciseListView.swift */ = {isa = PBXFileReference; lastKnownFileType = sourcecode.swift; path = EditWorkoutExerciseListView.swift; sourceTree = "<group>"; };
		23AE7E832758AAB9007D24DB /* en */ = {isa = PBXFileReference; lastKnownFileType = text.plist.strings; name = en; path = en.lproj/Localizable.strings; sourceTree = "<group>"; };
		23AE7E872758AB0D007D24DB /* Localizable.stringsdict */ = {isa = PBXFileReference; lastKnownFileType = text.plist.stringsdict; path = Localizable.stringsdict; sourceTree = "<group>"; };
		23AE7E8B2758AB45007D24DB /* Strings.swift */ = {isa = PBXFileReference; lastKnownFileType = sourcecode.swift; path = Strings.swift; sourceTree = "<group>"; };
		23B20E28275A044D00215A72 /* WorkoutsView.swift */ = {isa = PBXFileReference; lastKnownFileType = sourcecode.swift; path = WorkoutsView.swift; sourceTree = "<group>"; };
		23B20E2F275A184700215A72 /* OlioTests.xctest */ = {isa = PBXFileReference; explicitFileType = wrapper.cfbundle; includeInIndex = 0; path = OlioTests.xctest; sourceTree = BUILT_PRODUCTS_DIR; };
		23B20E31275A184700215A72 /* OlioTests.swift */ = {isa = PBXFileReference; lastKnownFileType = sourcecode.swift; path = OlioTests.swift; sourceTree = "<group>"; };
		23C97E2D274E251F005611A3 /* EditExerciseView.swift */ = {isa = PBXFileReference; lastKnownFileType = sourcecode.swift; path = EditExerciseView.swift; sourceTree = "<group>"; };
		23C97E2F274E3C25005611A3 /* ExerciseRowView.swift */ = {isa = PBXFileReference; lastKnownFileType = sourcecode.swift; path = ExerciseRowView.swift; sourceTree = "<group>"; };
		23C97E31274E548A005611A3 /* BindingExtension.swift */ = {isa = PBXFileReference; lastKnownFileType = sourcecode.swift; path = BindingExtension.swift; sourceTree = "<group>"; };
		23FE12682757F3240096FDD0 /* TemplateCardView.swift */ = {isa = PBXFileReference; lastKnownFileType = sourcecode.swift; path = TemplateCardView.swift; sourceTree = "<group>"; };
/* End PBXFileReference section */

/* Begin PBXFrameworksBuildPhase section */
		237E95B2275BAA4700937AAF /* Frameworks */ = {
			isa = PBXFrameworksBuildPhase;
			buildActionMask = 2147483647;
			files = (
			);
			runOnlyForDeploymentPostprocessing = 0;
		};
		237E95C1275BB32600937AAF /* Frameworks */ = {
			isa = PBXFrameworksBuildPhase;
			buildActionMask = 2147483647;
			files = (
			);
			runOnlyForDeploymentPostprocessing = 0;
		};
		23AB063B274B7CF300BCBD28 /* Frameworks */ = {
			isa = PBXFrameworksBuildPhase;
			buildActionMask = 2147483647;
			files = (
				23A9C01427554FA3005E0294 /* CloudKit.framework in Frameworks */,
			);
			runOnlyForDeploymentPostprocessing = 0;
		};
		23B20E2C275A184700215A72 /* Frameworks */ = {
			isa = PBXFrameworksBuildPhase;
			buildActionMask = 2147483647;
			files = (
			);
			runOnlyForDeploymentPostprocessing = 0;
		};
/* End PBXFrameworksBuildPhase section */

/* Begin PBXGroup section */
		230BAC56274C49EF0013E4AF /* Frameworks */ = {
			isa = PBXGroup;
			children = (
				23A9C01227554F79005E0294 /* CoreServices.framework */,
				230BAC57274C49EF0013E4AF /* CloudKit.framework */,
			);
			name = Frameworks;
			sourceTree = "<group>";
		};
		2321AF16274ECF460023F099 /* Workouts */ = {
			isa = PBXGroup;
			children = (
				23B20E28275A044D00215A72 /* WorkoutsView.swift */,
				2396430E2762868700524792 /* WorkoutsViewModel.swift */,
				232DF17327629D83007D7B57 /* TemplatesView.swift */,
				232DF17527629D96007D7B57 /* TemplatesViewModel.swift */,
				23FE12682757F3240096FDD0 /* TemplateCardView.swift */,
				23A1BA70274F742400AA5123 /* WorkoutRowView.swift */,
				2321AF17274ECF710023F099 /* EditWorkoutView.swift */,
				236E4A2627523A780012C4B2 /* AddExerciseToWorkoutView.swift */,
				23ACD59627575DE600A24E1F /* EditWorkoutExerciseListView.swift */,
				233B4D652756AD61006B55DA /* ExerciseHeaderView.swift */,
				236E4A2827524D6D0012C4B2 /* ExerciseSetView.swift */,
			);
			path = Workouts;
			sourceTree = "<group>";
		};
		237E95B6275BAA4700937AAF /* OlioPerformanceTests */ = {
			isa = PBXGroup;
			children = (
				237E95B7275BAA4700937AAF /* OlioPerformanceTests.swift */,
				237E95BE275BAB9400937AAF /* PerformanceTests.swift */,
			);
			path = OlioPerformanceTests;
			sourceTree = "<group>";
		};
		237E95C5275BB32600937AAF /* OlioUITests */ = {
			isa = PBXGroup;
			children = (
				237E95C6275BB32600937AAF /* OlioUITests.swift */,
				237E95C8275BB32600937AAF /* OlioUITestsLaunchTests.swift */,
			);
			path = OlioUITests;
			sourceTree = "<group>";
		};
		23AB0635274B7CF300BCBD28 = {
			isa = PBXGroup;
			children = (
				23AB0640274B7CF300BCBD28 /* Olio */,
				23B20E30275A184700215A72 /* OlioTests */,
				237E95B6275BAA4700937AAF /* OlioPerformanceTests */,
				237E95C5275BB32600937AAF /* OlioUITests */,
				23AB063F274B7CF300BCBD28 /* Products */,
				230BAC56274C49EF0013E4AF /* Frameworks */,
			);
			sourceTree = "<group>";
		};
		23AB063F274B7CF300BCBD28 /* Products */ = {
			isa = PBXGroup;
			children = (
				23AB063E274B7CF300BCBD28 /* Olio.app */,
				23B20E2F275A184700215A72 /* OlioTests.xctest */,
				237E95B5275BAA4700937AAF /* OlioPerformanceTests.xctest */,
				237E95C4275BB32600937AAF /* OlioUITests.xctest */,
			);
			name = Products;
			sourceTree = "<group>";
		};
		23AB0640274B7CF300BCBD28 /* Olio */ = {
			isa = PBXGroup;
			children = (
				23D55F1E274CD83F002B0105 /* Activities */,
				23D55F23274CD8B5002B0105 /* Localization */,
				23D55F22274CD8A6002B0105 /* Extensions */,
				23D55F1D274CD7F1002B0105 /* Configuration */,
				23AB0641274B7CF300BCBD28 /* OlioApp.swift */,
				23AB0643274B7CF300BCBD28 /* ContentView.swift */,
				23AB0654274B87A600BCBD28 /* DataController.swift */,
				23AB0645274B7CF400BCBD28 /* Assets.xcassets */,
				23AB0647274B7CF400BCBD28 /* Preview Content */,
			);
			path = Olio;
			sourceTree = "<group>";
		};
		23AB0647274B7CF400BCBD28 /* Preview Content */ = {
			isa = PBXGroup;
			children = (
				23AB0648274B7CF400BCBD28 /* Preview Assets.xcassets */,
			);
			path = "Preview Content";
			sourceTree = "<group>";
		};
		23B20E30275A184700215A72 /* OlioTests */ = {
			isa = PBXGroup;
			children = (
				23B20E31275A184700215A72 /* OlioTests.swift */,
				237E95AB275B7DB200937AAF /* ProjectTests.swift */,
				237E95AD275B891200937AAF /* DevelopmentTests.swift */,
				237E95AF275BA20B00937AAF /* ExtensionTests.swift */,
			);
			path = OlioTests;
			sourceTree = "<group>";
		};
		23D55F1D274CD7F1002B0105 /* Configuration */ = {
			isa = PBXGroup;
			children = (
				230BAC55274C49D00013E4AF /* Info.plist */,
				23AB064F274B7FCE00BCBD28 /* Main.xcdatamodeld */,
				230BAC54274C49C30013E4AF /* Olio.entitlements */,
			);
			path = Configuration;
			sourceTree = "<group>";
		};
		23D55F1E274CD83F002B0105 /* Activities */ = {
			isa = PBXGroup;
			children = (
				2321AF16274ECF460023F099 /* Workouts */,
				23D55F21274CD85C002B0105 /* Exercises */,
			);
			path = Activities;
			sourceTree = "<group>";
		};
		23D55F21274CD85C002B0105 /* Exercises */ = {
			isa = PBXGroup;
			children = (
				230E70F6274D779A007F6232 /* ExercisesView.swift */,
				2394AA6327633F45000F06B4 /* ExercisesViewModel.swift */,
				23C97E2F274E3C25005611A3 /* ExerciseRowView.swift */,
				23AA141C275022B400AC637D /* AddExerciseView.swift */,
				23C97E2D274E251F005611A3 /* EditExerciseView.swift */,
				2375DA972758F6F100B2874B /* ExerciseHistoryRowView.swift */,
			);
			path = Exercises;
			sourceTree = "<group>";
		};
		23D55F22274CD8A6002B0105 /* Extensions */ = {
			isa = PBXGroup;
			children = (
				230E70F2274D62DD007F6232 /* WorkoutExtension.swift */,
				230E70F0274D62C6007F6232 /* ExerciseExtension.swift */,
				2321AF14274EC3E30023F099 /* ExerciseSetExtension.swift */,
				23C97E31274E548A005611A3 /* BindingExtension.swift */,
				23AA142227502E3A00AC637D /* ColorExtension.swift */,
				23A368B52750C248000725E9 /* SequenceExtension.swift */,
				23AA142427502ED000AC637D /* ViewExtension.swift */,
			);
			path = Extensions;
			sourceTree = "<group>";
		};
		23D55F23274CD8B5002B0105 /* Localization */ = {
			isa = PBXGroup;
			children = (
				23AE7E8B2758AB45007D24DB /* Strings.swift */,
				23AE7E842758AAB9007D24DB /* Localizable.strings */,
				23AE7E872758AB0D007D24DB /* Localizable.stringsdict */,
			);
			path = Localization;
			sourceTree = "<group>";
		};
/* End PBXGroup section */

/* Begin PBXNativeTarget section */
		237E95B4275BAA4700937AAF /* OlioPerformanceTests */ = {
			isa = PBXNativeTarget;
			buildConfigurationList = 237E95BB275BAA4700937AAF /* Build configuration list for PBXNativeTarget "OlioPerformanceTests" */;
			buildPhases = (
				237E95B1275BAA4700937AAF /* Sources */,
				237E95B2275BAA4700937AAF /* Frameworks */,
				237E95B3275BAA4700937AAF /* Resources */,
			);
			buildRules = (
			);
			dependencies = (
				237E95BA275BAA4700937AAF /* PBXTargetDependency */,
			);
			name = OlioPerformanceTests;
			productName = OlioPerformanceTests;
			productReference = 237E95B5275BAA4700937AAF /* OlioPerformanceTests.xctest */;
			productType = "com.apple.product-type.bundle.unit-test";
		};
		237E95C3275BB32600937AAF /* OlioUITests */ = {
			isa = PBXNativeTarget;
			buildConfigurationList = 237E95CC275BB32600937AAF /* Build configuration list for PBXNativeTarget "OlioUITests" */;
			buildPhases = (
				237E95C0275BB32600937AAF /* Sources */,
				237E95C1275BB32600937AAF /* Frameworks */,
				237E95C2275BB32600937AAF /* Resources */,
			);
			buildRules = (
			);
			dependencies = (
				237E95CB275BB32600937AAF /* PBXTargetDependency */,
			);
			name = OlioUITests;
			productName = OlioUITests;
			productReference = 237E95C4275BB32600937AAF /* OlioUITests.xctest */;
			productType = "com.apple.product-type.bundle.ui-testing";
		};
		23AB063D274B7CF300BCBD28 /* Olio */ = {
			isa = PBXNativeTarget;
			buildConfigurationList = 23AB064C274B7CF400BCBD28 /* Build configuration list for PBXNativeTarget "Olio" */;
			buildPhases = (
				230BAC59274C4EFC0013E4AF /* SwiftLint */,
				23AB063A274B7CF300BCBD28 /* Sources */,
				23AB063B274B7CF300BCBD28 /* Frameworks */,
				23AB063C274B7CF300BCBD28 /* Resources */,
			);
			buildRules = (
			);
			dependencies = (
			);
			name = Olio;
			productName = Olio;
			productReference = 23AB063E274B7CF300BCBD28 /* Olio.app */;
			productType = "com.apple.product-type.application";
		};
		23B20E2E275A184700215A72 /* OlioTests */ = {
			isa = PBXNativeTarget;
			buildConfigurationList = 23B20E35275A184700215A72 /* Build configuration list for PBXNativeTarget "OlioTests" */;
			buildPhases = (
				23B20E2B275A184700215A72 /* Sources */,
				23B20E2C275A184700215A72 /* Frameworks */,
				23B20E2D275A184700215A72 /* Resources */,
			);
			buildRules = (
			);
			dependencies = (
				23B20E34275A184700215A72 /* PBXTargetDependency */,
			);
			name = OlioTests;
			productName = OlioTests;
			productReference = 23B20E2F275A184700215A72 /* OlioTests.xctest */;
			productType = "com.apple.product-type.bundle.unit-test";
		};
/* End PBXNativeTarget section */

/* Begin PBXProject section */
		23AB0636274B7CF300BCBD28 /* Project object */ = {
			isa = PBXProject;
			attributes = {
				BuildIndependentTargetsInParallel = 1;
				LastSwiftUpdateCheck = 1310;
				LastUpgradeCheck = 1310;
				TargetAttributes = {
					237E95B4275BAA4700937AAF = {
						CreatedOnToolsVersion = 13.1;
						TestTargetID = 23AB063D274B7CF300BCBD28;
					};
					237E95C3275BB32600937AAF = {
						CreatedOnToolsVersion = 13.1;
						TestTargetID = 23AB063D274B7CF300BCBD28;
					};
					23AB063D274B7CF300BCBD28 = {
						CreatedOnToolsVersion = 13.1;
					};
					23B20E2E275A184700215A72 = {
						CreatedOnToolsVersion = 13.1;
						TestTargetID = 23AB063D274B7CF300BCBD28;
					};
				};
			};
			buildConfigurationList = 23AB0639274B7CF300BCBD28 /* Build configuration list for PBXProject "Olio" */;
			compatibilityVersion = "Xcode 13.0";
			developmentRegion = en;
			hasScannedForEncodings = 0;
			knownRegions = (
				en,
				Base,
			);
			mainGroup = 23AB0635274B7CF300BCBD28;
			productRefGroup = 23AB063F274B7CF300BCBD28 /* Products */;
			projectDirPath = "";
			projectRoot = "";
			targets = (
				23AB063D274B7CF300BCBD28 /* Olio */,
				23B20E2E275A184700215A72 /* OlioTests */,
				237E95B4275BAA4700937AAF /* OlioPerformanceTests */,
				237E95C3275BB32600937AAF /* OlioUITests */,
			);
		};
/* End PBXProject section */

/* Begin PBXResourcesBuildPhase section */
		237E95B3275BAA4700937AAF /* Resources */ = {
			isa = PBXResourcesBuildPhase;
			buildActionMask = 2147483647;
			files = (
			);
			runOnlyForDeploymentPostprocessing = 0;
		};
		237E95C2275BB32600937AAF /* Resources */ = {
			isa = PBXResourcesBuildPhase;
			buildActionMask = 2147483647;
			files = (
			);
			runOnlyForDeploymentPostprocessing = 0;
		};
		23AB063C274B7CF300BCBD28 /* Resources */ = {
			isa = PBXResourcesBuildPhase;
			buildActionMask = 2147483647;
			files = (
				23AB0649274B7CF400BCBD28 /* Preview Assets.xcassets in Resources */,
				23AE7E882758AB0D007D24DB /* Localizable.stringsdict in Resources */,
				23AE7E822758AAB9007D24DB /* Localizable.strings in Resources */,
				23AB0646274B7CF400BCBD28 /* Assets.xcassets in Resources */,
			);
			runOnlyForDeploymentPostprocessing = 0;
		};
		23B20E2D275A184700215A72 /* Resources */ = {
			isa = PBXResourcesBuildPhase;
			buildActionMask = 2147483647;
			files = (
			);
			runOnlyForDeploymentPostprocessing = 0;
		};
/* End PBXResourcesBuildPhase section */

/* Begin PBXShellScriptBuildPhase section */
		230BAC59274C4EFC0013E4AF /* SwiftLint */ = {
			isa = PBXShellScriptBuildPhase;
			buildActionMask = 2147483647;
			files = (
			);
			inputFileListPaths = (
			);
			inputPaths = (
			);
			name = SwiftLint;
			outputFileListPaths = (
			);
			outputPaths = (
			);
			runOnlyForDeploymentPostprocessing = 0;
			shellPath = /bin/sh;
			shellScript = "if test -d \"/opt/homebrew/bin/\"; then\n  PATH=\"/opt/homebrew/bin/:${PATH}\"\nfi\n\nexport PATH\n\nif which swiftlint >/dev/null; then\n  swiftlint\nelse\n  echo \"warning: SwiftLint not installed, download from https://github.com/realm/SwiftLint\"\nfi\n";
		};
/* End PBXShellScriptBuildPhase section */

/* Begin PBXSourcesBuildPhase section */
		237E95B1275BAA4700937AAF /* Sources */ = {
			isa = PBXSourcesBuildPhase;
			buildActionMask = 2147483647;
			files = (
				237E95BF275BAB9400937AAF /* PerformanceTests.swift in Sources */,
				237E95B8275BAA4700937AAF /* OlioPerformanceTests.swift in Sources */,
			);
			runOnlyForDeploymentPostprocessing = 0;
		};
		237E95C0275BB32600937AAF /* Sources */ = {
			isa = PBXSourcesBuildPhase;
			buildActionMask = 2147483647;
			files = (
				237E95C7275BB32600937AAF /* OlioUITests.swift in Sources */,
				237E95C9275BB32600937AAF /* OlioUITestsLaunchTests.swift in Sources */,
			);
			runOnlyForDeploymentPostprocessing = 0;
		};
		23AB063A274B7CF300BCBD28 /* Sources */ = {
			isa = PBXSourcesBuildPhase;
			buildActionMask = 2147483647;
			files = (
				230E70F7274D779A007F6232 /* ExercisesView.swift in Sources */,
				23C97E2E274E251F005611A3 /* EditExerciseView.swift in Sources */,
				23AB0651274B7FCE00BCBD28 /* Main.xcdatamodeld in Sources */,
				2375DA982758F6F100B2874B /* ExerciseHistoryRowView.swift in Sources */,
				23C97E30274E3C25005611A3 /* ExerciseRowView.swift in Sources */,
				232DF17427629D83007D7B57 /* TemplatesView.swift in Sources */,
				23FE12692757F3240096FDD0 /* TemplateCardView.swift in Sources */,
				230E70F3274D62DD007F6232 /* WorkoutExtension.swift in Sources */,
				23AA142527502ED000AC637D /* ViewExtension.swift in Sources */,
				2321AF18274ECF710023F099 /* EditWorkoutView.swift in Sources */,
				236E4A2727523A780012C4B2 /* AddExerciseToWorkoutView.swift in Sources */,
				23AA142327502E3A00AC637D /* ColorExtension.swift in Sources */,
				233B4D662756AD61006B55DA /* ExerciseHeaderView.swift in Sources */,
				230E70F1274D62C6007F6232 /* ExerciseExtension.swift in Sources */,
				232DF17627629D96007D7B57 /* TemplatesViewModel.swift in Sources */,
				2394AA6427633F45000F06B4 /* ExercisesViewModel.swift in Sources */,
				23AA141D275022B400AC637D /* AddExerciseView.swift in Sources */,
				236E4A2927524D6D0012C4B2 /* ExerciseSetView.swift in Sources */,
				23AB0655274B87A600BCBD28 /* DataController.swift in Sources */,
				23AB0644274B7CF300BCBD28 /* ContentView.swift in Sources */,
				23C97E32274E548A005611A3 /* BindingExtension.swift in Sources */,
				23A1BA71274F742400AA5123 /* WorkoutRowView.swift in Sources */,
				23AE7E8C2758AB45007D24DB /* Strings.swift in Sources */,
				2396430F2762868700524792 /* WorkoutsViewModel.swift in Sources */,
				2321AF15274EC3E30023F099 /* ExerciseSetExtension.swift in Sources */,
				23ACD59727575DE600A24E1F /* EditWorkoutExerciseListView.swift in Sources */,
				23A368B62750C248000725E9 /* SequenceExtension.swift in Sources */,
				23B20E29275A044D00215A72 /* WorkoutsView.swift in Sources */,
				23AB0642274B7CF300BCBD28 /* OlioApp.swift in Sources */,
			);
			runOnlyForDeploymentPostprocessing = 0;
		};
		23B20E2B275A184700215A72 /* Sources */ = {
			isa = PBXSourcesBuildPhase;
			buildActionMask = 2147483647;
			files = (
				23B20E32275A184700215A72 /* OlioTests.swift in Sources */,
				237E95AC275B7DB200937AAF /* ProjectTests.swift in Sources */,
				237E95AE275B891200937AAF /* DevelopmentTests.swift in Sources */,
				237E95B0275BA20B00937AAF /* ExtensionTests.swift in Sources */,
			);
			runOnlyForDeploymentPostprocessing = 0;
		};
/* End PBXSourcesBuildPhase section */

/* Begin PBXTargetDependency section */
		237E95BA275BAA4700937AAF /* PBXTargetDependency */ = {
			isa = PBXTargetDependency;
			target = 23AB063D274B7CF300BCBD28 /* Olio */;
			targetProxy = 237E95B9275BAA4700937AAF /* PBXContainerItemProxy */;
		};
		237E95CB275BB32600937AAF /* PBXTargetDependency */ = {
			isa = PBXTargetDependency;
			target = 23AB063D274B7CF300BCBD28 /* Olio */;
			targetProxy = 237E95CA275BB32600937AAF /* PBXContainerItemProxy */;
		};
		23B20E34275A184700215A72 /* PBXTargetDependency */ = {
			isa = PBXTargetDependency;
			target = 23AB063D274B7CF300BCBD28 /* Olio */;
			targetProxy = 23B20E33275A184700215A72 /* PBXContainerItemProxy */;
		};
/* End PBXTargetDependency section */

/* Begin PBXVariantGroup section */
		23AE7E842758AAB9007D24DB /* Localizable.strings */ = {
			isa = PBXVariantGroup;
			children = (
				23AE7E832758AAB9007D24DB /* en */,
			);
			name = Localizable.strings;
			sourceTree = "<group>";
		};
/* End PBXVariantGroup section */

/* Begin XCBuildConfiguration section */
		237E95BC275BAA4700937AAF /* Debug */ = {
			isa = XCBuildConfiguration;
			buildSettings = {
				BUNDLE_LOADER = "$(TEST_HOST)";
				CODE_SIGN_STYLE = Automatic;
				CURRENT_PROJECT_VERSION = 1;
				DEVELOPMENT_TEAM = 52R27K29BJ;
				GENERATE_INFOPLIST_FILE = YES;
				LD_RUNPATH_SEARCH_PATHS = (
					"$(inherited)",
					"@executable_path/Frameworks",
					"@loader_path/Frameworks",
				);
				MARKETING_VERSION = 1.0;
				PRODUCT_BUNDLE_IDENTIFIER = com.theanteambulo.OlioPerformanceTests;
				PRODUCT_NAME = "$(TARGET_NAME)";
				SWIFT_EMIT_LOC_STRINGS = NO;
				SWIFT_VERSION = 5.0;
				TARGETED_DEVICE_FAMILY = "1,2";
				TEST_HOST = "$(BUILT_PRODUCTS_DIR)/Olio.app/Olio";
			};
			name = Debug;
		};
		237E95BD275BAA4700937AAF /* Release */ = {
			isa = XCBuildConfiguration;
			buildSettings = {
				BUNDLE_LOADER = "$(TEST_HOST)";
				CODE_SIGN_STYLE = Automatic;
				CURRENT_PROJECT_VERSION = 1;
				DEVELOPMENT_TEAM = 52R27K29BJ;
				GENERATE_INFOPLIST_FILE = YES;
				LD_RUNPATH_SEARCH_PATHS = (
					"$(inherited)",
					"@executable_path/Frameworks",
					"@loader_path/Frameworks",
				);
				MARKETING_VERSION = 1.0;
				PRODUCT_BUNDLE_IDENTIFIER = com.theanteambulo.OlioPerformanceTests;
				PRODUCT_NAME = "$(TARGET_NAME)";
				SWIFT_EMIT_LOC_STRINGS = NO;
				SWIFT_VERSION = 5.0;
				TARGETED_DEVICE_FAMILY = "1,2";
				TEST_HOST = "$(BUILT_PRODUCTS_DIR)/Olio.app/Olio";
			};
			name = Release;
		};
		237E95CD275BB32600937AAF /* Debug */ = {
			isa = XCBuildConfiguration;
			buildSettings = {
				CODE_SIGN_STYLE = Automatic;
				CURRENT_PROJECT_VERSION = 1;
				DEVELOPMENT_TEAM = 52R27K29BJ;
				GENERATE_INFOPLIST_FILE = YES;
				LD_RUNPATH_SEARCH_PATHS = (
					"$(inherited)",
					"@executable_path/Frameworks",
					"@loader_path/Frameworks",
				);
				MARKETING_VERSION = 1.0;
				PRODUCT_BUNDLE_IDENTIFIER = com.theanteambulo.OlioUITests;
				PRODUCT_NAME = "$(TARGET_NAME)";
				SWIFT_EMIT_LOC_STRINGS = NO;
				SWIFT_VERSION = 5.0;
				TARGETED_DEVICE_FAMILY = "1,2";
				TEST_TARGET_NAME = Olio;
			};
			name = Debug;
		};
		237E95CE275BB32600937AAF /* Release */ = {
			isa = XCBuildConfiguration;
			buildSettings = {
				CODE_SIGN_STYLE = Automatic;
				CURRENT_PROJECT_VERSION = 1;
				DEVELOPMENT_TEAM = 52R27K29BJ;
				GENERATE_INFOPLIST_FILE = YES;
				LD_RUNPATH_SEARCH_PATHS = (
					"$(inherited)",
					"@executable_path/Frameworks",
					"@loader_path/Frameworks",
				);
				MARKETING_VERSION = 1.0;
				PRODUCT_BUNDLE_IDENTIFIER = com.theanteambulo.OlioUITests;
				PRODUCT_NAME = "$(TARGET_NAME)";
				SWIFT_EMIT_LOC_STRINGS = NO;
				SWIFT_VERSION = 5.0;
				TARGETED_DEVICE_FAMILY = "1,2";
				TEST_TARGET_NAME = Olio;
			};
			name = Release;
		};
		23AB064A274B7CF400BCBD28 /* Debug */ = {
			isa = XCBuildConfiguration;
			buildSettings = {
				ALWAYS_SEARCH_USER_PATHS = NO;
				CLANG_ANALYZER_NONNULL = YES;
				CLANG_ANALYZER_NUMBER_OBJECT_CONVERSION = YES_AGGRESSIVE;
				CLANG_CXX_LANGUAGE_STANDARD = "gnu++17";
				CLANG_CXX_LIBRARY = "libc++";
				CLANG_ENABLE_MODULES = YES;
				CLANG_ENABLE_OBJC_ARC = YES;
				CLANG_ENABLE_OBJC_WEAK = YES;
				CLANG_WARN_BLOCK_CAPTURE_AUTORELEASING = YES;
				CLANG_WARN_BOOL_CONVERSION = YES;
				CLANG_WARN_COMMA = YES;
				CLANG_WARN_CONSTANT_CONVERSION = YES;
				CLANG_WARN_DEPRECATED_OBJC_IMPLEMENTATIONS = YES;
				CLANG_WARN_DIRECT_OBJC_ISA_USAGE = YES_ERROR;
				CLANG_WARN_DOCUMENTATION_COMMENTS = YES;
				CLANG_WARN_EMPTY_BODY = YES;
				CLANG_WARN_ENUM_CONVERSION = YES;
				CLANG_WARN_INFINITE_RECURSION = YES;
				CLANG_WARN_INT_CONVERSION = YES;
				CLANG_WARN_NON_LITERAL_NULL_CONVERSION = YES;
				CLANG_WARN_OBJC_IMPLICIT_RETAIN_SELF = YES;
				CLANG_WARN_OBJC_LITERAL_CONVERSION = YES;
				CLANG_WARN_OBJC_ROOT_CLASS = YES_ERROR;
				CLANG_WARN_QUOTED_INCLUDE_IN_FRAMEWORK_HEADER = YES;
				CLANG_WARN_RANGE_LOOP_ANALYSIS = YES;
				CLANG_WARN_STRICT_PROTOTYPES = YES;
				CLANG_WARN_SUSPICIOUS_MOVE = YES;
				CLANG_WARN_UNGUARDED_AVAILABILITY = YES_AGGRESSIVE;
				CLANG_WARN_UNREACHABLE_CODE = YES;
				CLANG_WARN__DUPLICATE_METHOD_MATCH = YES;
				COPY_PHASE_STRIP = NO;
				DEBUG_INFORMATION_FORMAT = dwarf;
				ENABLE_STRICT_OBJC_MSGSEND = YES;
				ENABLE_TESTABILITY = YES;
				GCC_C_LANGUAGE_STANDARD = gnu11;
				GCC_DYNAMIC_NO_PIC = NO;
				GCC_NO_COMMON_BLOCKS = YES;
				GCC_OPTIMIZATION_LEVEL = 0;
				GCC_PREPROCESSOR_DEFINITIONS = (
					"DEBUG=1",
					"$(inherited)",
				);
				GCC_WARN_64_TO_32_BIT_CONVERSION = YES;
				GCC_WARN_ABOUT_RETURN_TYPE = YES_ERROR;
				GCC_WARN_UNDECLARED_SELECTOR = YES;
				GCC_WARN_UNINITIALIZED_AUTOS = YES_AGGRESSIVE;
				GCC_WARN_UNUSED_FUNCTION = YES;
				GCC_WARN_UNUSED_VARIABLE = YES;
				IPHONEOS_DEPLOYMENT_TARGET = 15.0;
				MTL_ENABLE_DEBUG_INFO = INCLUDE_SOURCE;
				MTL_FAST_MATH = YES;
				ONLY_ACTIVE_ARCH = YES;
				SDKROOT = iphoneos;
				SWIFT_ACTIVE_COMPILATION_CONDITIONS = DEBUG;
				SWIFT_OPTIMIZATION_LEVEL = "-Onone";
			};
			name = Debug;
		};
		23AB064B274B7CF400BCBD28 /* Release */ = {
			isa = XCBuildConfiguration;
			buildSettings = {
				ALWAYS_SEARCH_USER_PATHS = NO;
				CLANG_ANALYZER_NONNULL = YES;
				CLANG_ANALYZER_NUMBER_OBJECT_CONVERSION = YES_AGGRESSIVE;
				CLANG_CXX_LANGUAGE_STANDARD = "gnu++17";
				CLANG_CXX_LIBRARY = "libc++";
				CLANG_ENABLE_MODULES = YES;
				CLANG_ENABLE_OBJC_ARC = YES;
				CLANG_ENABLE_OBJC_WEAK = YES;
				CLANG_WARN_BLOCK_CAPTURE_AUTORELEASING = YES;
				CLANG_WARN_BOOL_CONVERSION = YES;
				CLANG_WARN_COMMA = YES;
				CLANG_WARN_CONSTANT_CONVERSION = YES;
				CLANG_WARN_DEPRECATED_OBJC_IMPLEMENTATIONS = YES;
				CLANG_WARN_DIRECT_OBJC_ISA_USAGE = YES_ERROR;
				CLANG_WARN_DOCUMENTATION_COMMENTS = YES;
				CLANG_WARN_EMPTY_BODY = YES;
				CLANG_WARN_ENUM_CONVERSION = YES;
				CLANG_WARN_INFINITE_RECURSION = YES;
				CLANG_WARN_INT_CONVERSION = YES;
				CLANG_WARN_NON_LITERAL_NULL_CONVERSION = YES;
				CLANG_WARN_OBJC_IMPLICIT_RETAIN_SELF = YES;
				CLANG_WARN_OBJC_LITERAL_CONVERSION = YES;
				CLANG_WARN_OBJC_ROOT_CLASS = YES_ERROR;
				CLANG_WARN_QUOTED_INCLUDE_IN_FRAMEWORK_HEADER = YES;
				CLANG_WARN_RANGE_LOOP_ANALYSIS = YES;
				CLANG_WARN_STRICT_PROTOTYPES = YES;
				CLANG_WARN_SUSPICIOUS_MOVE = YES;
				CLANG_WARN_UNGUARDED_AVAILABILITY = YES_AGGRESSIVE;
				CLANG_WARN_UNREACHABLE_CODE = YES;
				CLANG_WARN__DUPLICATE_METHOD_MATCH = YES;
				COPY_PHASE_STRIP = NO;
				DEBUG_INFORMATION_FORMAT = "dwarf-with-dsym";
				ENABLE_NS_ASSERTIONS = NO;
				ENABLE_STRICT_OBJC_MSGSEND = YES;
				GCC_C_LANGUAGE_STANDARD = gnu11;
				GCC_NO_COMMON_BLOCKS = YES;
				GCC_WARN_64_TO_32_BIT_CONVERSION = YES;
				GCC_WARN_ABOUT_RETURN_TYPE = YES_ERROR;
				GCC_WARN_UNDECLARED_SELECTOR = YES;
				GCC_WARN_UNINITIALIZED_AUTOS = YES_AGGRESSIVE;
				GCC_WARN_UNUSED_FUNCTION = YES;
				GCC_WARN_UNUSED_VARIABLE = YES;
				IPHONEOS_DEPLOYMENT_TARGET = 15.0;
				MTL_ENABLE_DEBUG_INFO = NO;
				MTL_FAST_MATH = YES;
				SDKROOT = iphoneos;
				SWIFT_COMPILATION_MODE = wholemodule;
				SWIFT_OPTIMIZATION_LEVEL = "-O";
				VALIDATE_PRODUCT = YES;
			};
			name = Release;
		};
		23AB064D274B7CF400BCBD28 /* Debug */ = {
			isa = XCBuildConfiguration;
			buildSettings = {
				ASSETCATALOG_COMPILER_APPICON_NAME = AppIcon;
				ASSETCATALOG_COMPILER_GLOBAL_ACCENT_COLOR_NAME = AccentColor;
				CODE_SIGN_ENTITLEMENTS = Olio/Configuration/Olio.entitlements;
				CODE_SIGN_IDENTITY = "Apple Development";
				CODE_SIGN_STYLE = Automatic;
				CURRENT_PROJECT_VERSION = 1;
				DEVELOPMENT_ASSET_PATHS = "\"Olio/Preview Content\"";
				DEVELOPMENT_TEAM = 52R27K29BJ;
				ENABLE_PREVIEWS = YES;
				GENERATE_INFOPLIST_FILE = YES;
				INFOPLIST_FILE = Olio/Configuration/Info.plist;
				INFOPLIST_KEY_UIApplicationSceneManifest_Generation = YES;
				INFOPLIST_KEY_UIApplicationSupportsIndirectInputEvents = YES;
				INFOPLIST_KEY_UILaunchScreen_Generation = YES;
				INFOPLIST_KEY_UISupportedInterfaceOrientations_iPad = "UIInterfaceOrientationPortrait UIInterfaceOrientationPortraitUpsideDown UIInterfaceOrientationLandscapeLeft UIInterfaceOrientationLandscapeRight";
				INFOPLIST_KEY_UISupportedInterfaceOrientations_iPhone = "UIInterfaceOrientationPortrait UIInterfaceOrientationLandscapeLeft UIInterfaceOrientationLandscapeRight";
				LD_RUNPATH_SEARCH_PATHS = (
					"$(inherited)",
					"@executable_path/Frameworks",
				);
				MARKETING_VERSION = 1.0;
				PRODUCT_BUNDLE_IDENTIFIER = com.theanteambulo.Olio;
				PRODUCT_NAME = "$(TARGET_NAME)";
				PROVISIONING_PROFILE_SPECIFIER = "";
				SWIFT_EMIT_LOC_STRINGS = YES;
				SWIFT_VERSION = 5.0;
				TARGETED_DEVICE_FAMILY = "1,2";
			};
			name = Debug;
		};
		23AB064E274B7CF400BCBD28 /* Release */ = {
			isa = XCBuildConfiguration;
			buildSettings = {
				ASSETCATALOG_COMPILER_APPICON_NAME = AppIcon;
				ASSETCATALOG_COMPILER_GLOBAL_ACCENT_COLOR_NAME = AccentColor;
				CODE_SIGN_ENTITLEMENTS = Olio/Configuration/Olio.entitlements;
				CODE_SIGN_IDENTITY = "Apple Development";
				CODE_SIGN_STYLE = Automatic;
				CURRENT_PROJECT_VERSION = 1;
				DEVELOPMENT_ASSET_PATHS = "\"Olio/Preview Content\"";
				DEVELOPMENT_TEAM = 52R27K29BJ;
				ENABLE_PREVIEWS = YES;
				GENERATE_INFOPLIST_FILE = YES;
				INFOPLIST_FILE = Olio/Configuration/Info.plist;
				INFOPLIST_KEY_UIApplicationSceneManifest_Generation = YES;
				INFOPLIST_KEY_UIApplicationSupportsIndirectInputEvents = YES;
				INFOPLIST_KEY_UILaunchScreen_Generation = YES;
				INFOPLIST_KEY_UISupportedInterfaceOrientations_iPad = "UIInterfaceOrientationPortrait UIInterfaceOrientationPortraitUpsideDown UIInterfaceOrientationLandscapeLeft UIInterfaceOrientationLandscapeRight";
				INFOPLIST_KEY_UISupportedInterfaceOrientations_iPhone = "UIInterfaceOrientationPortrait UIInterfaceOrientationLandscapeLeft UIInterfaceOrientationLandscapeRight";
				LD_RUNPATH_SEARCH_PATHS = (
					"$(inherited)",
					"@executable_path/Frameworks",
				);
				MARKETING_VERSION = 1.0;
				PRODUCT_BUNDLE_IDENTIFIER = com.theanteambulo.Olio;
				PRODUCT_NAME = "$(TARGET_NAME)";
				PROVISIONING_PROFILE_SPECIFIER = "";
				SWIFT_EMIT_LOC_STRINGS = YES;
				SWIFT_VERSION = 5.0;
				TARGETED_DEVICE_FAMILY = "1,2";
			};
			name = Release;
		};
		23B20E36275A184700215A72 /* Debug */ = {
			isa = XCBuildConfiguration;
			buildSettings = {
				BUNDLE_LOADER = "$(TEST_HOST)";
				CODE_SIGN_STYLE = Automatic;
				CURRENT_PROJECT_VERSION = 1;
				DEVELOPMENT_TEAM = 52R27K29BJ;
				GENERATE_INFOPLIST_FILE = YES;
				LD_RUNPATH_SEARCH_PATHS = (
					"$(inherited)",
					"@executable_path/Frameworks",
					"@loader_path/Frameworks",
				);
				MARKETING_VERSION = 1.0;
				PRODUCT_BUNDLE_IDENTIFIER = com.theanteambulo.OlioTests;
				PRODUCT_NAME = "$(TARGET_NAME)";
				SWIFT_EMIT_LOC_STRINGS = NO;
				SWIFT_VERSION = 5.0;
				TARGETED_DEVICE_FAMILY = "1,2";
				TEST_HOST = "$(BUILT_PRODUCTS_DIR)/Olio.app/Olio";
			};
			name = Debug;
		};
		23B20E37275A184700215A72 /* Release */ = {
			isa = XCBuildConfiguration;
			buildSettings = {
				BUNDLE_LOADER = "$(TEST_HOST)";
				CODE_SIGN_STYLE = Automatic;
				CURRENT_PROJECT_VERSION = 1;
				DEVELOPMENT_TEAM = 52R27K29BJ;
				GENERATE_INFOPLIST_FILE = YES;
				LD_RUNPATH_SEARCH_PATHS = (
					"$(inherited)",
					"@executable_path/Frameworks",
					"@loader_path/Frameworks",
				);
				MARKETING_VERSION = 1.0;
				PRODUCT_BUNDLE_IDENTIFIER = com.theanteambulo.OlioTests;
				PRODUCT_NAME = "$(TARGET_NAME)";
				SWIFT_EMIT_LOC_STRINGS = NO;
				SWIFT_VERSION = 5.0;
				TARGETED_DEVICE_FAMILY = "1,2";
				TEST_HOST = "$(BUILT_PRODUCTS_DIR)/Olio.app/Olio";
			};
			name = Release;
		};
/* End XCBuildConfiguration section */

/* Begin XCConfigurationList section */
		237E95BB275BAA4700937AAF /* Build configuration list for PBXNativeTarget "OlioPerformanceTests" */ = {
			isa = XCConfigurationList;
			buildConfigurations = (
				237E95BC275BAA4700937AAF /* Debug */,
				237E95BD275BAA4700937AAF /* Release */,
			);
			defaultConfigurationIsVisible = 0;
			defaultConfigurationName = Release;
		};
		237E95CC275BB32600937AAF /* Build configuration list for PBXNativeTarget "OlioUITests" */ = {
			isa = XCConfigurationList;
			buildConfigurations = (
				237E95CD275BB32600937AAF /* Debug */,
				237E95CE275BB32600937AAF /* Release */,
			);
			defaultConfigurationIsVisible = 0;
			defaultConfigurationName = Release;
		};
		23AB0639274B7CF300BCBD28 /* Build configuration list for PBXProject "Olio" */ = {
			isa = XCConfigurationList;
			buildConfigurations = (
				23AB064A274B7CF400BCBD28 /* Debug */,
				23AB064B274B7CF400BCBD28 /* Release */,
			);
			defaultConfigurationIsVisible = 0;
			defaultConfigurationName = Release;
		};
		23AB064C274B7CF400BCBD28 /* Build configuration list for PBXNativeTarget "Olio" */ = {
			isa = XCConfigurationList;
			buildConfigurations = (
				23AB064D274B7CF400BCBD28 /* Debug */,
				23AB064E274B7CF400BCBD28 /* Release */,
			);
			defaultConfigurationIsVisible = 0;
			defaultConfigurationName = Release;
		};
		23B20E35275A184700215A72 /* Build configuration list for PBXNativeTarget "OlioTests" */ = {
			isa = XCConfigurationList;
			buildConfigurations = (
				23B20E36275A184700215A72 /* Debug */,
				23B20E37275A184700215A72 /* Release */,
			);
			defaultConfigurationIsVisible = 0;
			defaultConfigurationName = Release;
		};
/* End XCConfigurationList section */

/* Begin XCVersionGroup section */
		23AB064F274B7FCE00BCBD28 /* Main.xcdatamodeld */ = {
			isa = XCVersionGroup;
			children = (
				23AB0650274B7FCE00BCBD28 /* Main.xcdatamodel */,
			);
			currentVersion = 23AB0650274B7FCE00BCBD28 /* Main.xcdatamodel */;
			path = Main.xcdatamodeld;
			sourceTree = "<group>";
			versionGroupType = wrapper.xcdatamodel;
		};
/* End XCVersionGroup section */
	};
	rootObject = 23AB0636274B7CF300BCBD28 /* Project object */;
}
